
Microsoft Visual Studio Solution File, Format Version 12.00
# Visual Studio Version 16
VisualStudioVersion = 16.0.29519.87
MinimumVisualStudioVersion = 10.0.40219.1
Project("{FAE04EC0-301F-11D3-BF4B-00C04F79EFBC}") = "YoutubeDowloader", "YoutubeDowloader\YoutubeDowloader.csproj", "{46A5114F-CD0A-4870-98C1-538DEB064B98}"
EndProject
Project("{54435603-DBB4-11D2-8724-00A0C9A8B90C}") = "YoutubeDowland", "YoutubeDowland\YoutubeDowland.vdproj", "{8454F923-0495-4B3B-8413-CD2765C104BE}"
EndProject
Global
	GlobalSection(SolutionConfigurationPlatforms) = preSolution
		Debug|Any CPU = Debug|Any CPU
		Release|Any CPU = Release|Any CPU
	EndGlobalSection
	GlobalSection(ProjectConfigurationPlatforms) = postSolution
		{46A5114F-CD0A-4870-98C1-538DEB064B98}.Debug|Any CPU.ActiveCfg = Debug|Any CPU
		{46A5114F-CD0A-4870-98C1-538DEB064B98}.Debug|Any CPU.Build.0 = Debug|Any CPU
		{46A5114F-CD0A-4870-98C1-538DEB064B98}.Release|Any CPU.ActiveCfg = Release|Any CPU
		{46A5114F-CD0A-4870-98C1-538DEB064B98}.Release|Any CPU.Build.0 = Release|Any CPU
		{8454F923-0495-4B3B-8413-CD2765C104BE}.Debug|Any CPU.ActiveCfg = Debug
		{8454F923-0495-4B3B-8413-CD2765C104BE}.Release|Any CPU.ActiveCfg = Release
	EndGlobalSection
	GlobalSection(SolutionProperties) = preSolution
		HideSolutionNode = FALSE
	EndGlobalSection
	GlobalSection(ExtensibilityGlobals) = postSolution
		SolutionGuid = {44498D32-325A-4E9F-9332-6EF0AF95B5E0}
	EndGlobalSection
EndGlobal
